{
  "version": 4,
  "terraform_version": "0.12.10",
  "serial": 2,
  "lineage": "9b64aae1-4ff6-8c8f-087b-b32f97789ffc",
  "outputs": {
    "default_security_group_id": {
      "value": "sg-013cd8919346eba47",
      "type": "string"
    },
    "vpc_arn": {
      "value": "arn:aws:ec2:us-east-2:360728874469:vpc/vpc-00e10f5d9ba76aaa1",
      "type": "string"
    },
    "vpc_cidr_block": {
      "value": "10.0.0.0/24",
      "type": "string"
    },
    "vpc_id": {
      "value": "vpc-00e10f5d9ba76aaa1",
      "type": "string"
    }
  },
  "resources": [
    {
      "mode": "managed",
      "type": "aws_vpc",
      "name": "db_vpc",
      "provider": "provider.aws",
      "instances": [
        {
          "schema_version": 1,
          "attributes": {
            "arn": "arn:aws:ec2:us-east-2:360728874469:vpc/vpc-00e10f5d9ba76aaa1",
            "assign_generated_ipv6_cidr_block": false,
            "cidr_block": "10.0.0.0/24",
            "default_network_acl_id": "acl-068d8532ab3f518ad",
            "default_route_table_id": "rtb-01800936372aa2b53",
            "default_security_group_id": "sg-013cd8919346eba47",
            "dhcp_options_id": "dopt-c644a3ad",
            "enable_classiclink": null,
            "enable_classiclink_dns_support": null,
            "enable_dns_hostnames": false,
            "enable_dns_support": true,
            "id": "vpc-00e10f5d9ba76aaa1",
            "instance_tenancy": "dedicated",
            "ipv6_association_id": "",
            "ipv6_cidr_block": "",
            "main_route_table_id": "rtb-01800936372aa2b53",
            "owner_id": "360728874469",
            "tags": {
              "Name": "main"
            }
          },
          "private": "eyJzY2hlbWFfdmVyc2lvbiI6IjEifQ=="
        }
      ]
    }
  ]
}
